PODS:
  - EstimoteSDK (4.7.2)
  - KDCycleBannerView (1.1.1):
    - SDWebImage
  - Pulsator (0.1.1)
  - SCLAlertView (0.5.9)
  - SDWebImage (3.8.1):
    - SDWebImage/Core (= 3.8.1)
  - SDWebImage/Core (3.8.1)
  - SnapKit (0.15.0)
  - Spring (1.0.3)

DEPENDENCIES:
  - EstimoteSDK (= 4.7.2)
  - KDCycleBannerView
  - Pulsator
  - SCLAlertView
  - SnapKit (~> 0.15.0)
  - Spring (from `https://github.com/MengTo/Spring.git`, branch `swift2`)

EXTERNAL SOURCES:
  Spring:
    :branch: swift2
    :git: https://github.com/MengTo/Spring.git

CHECKOUT OPTIONS:
  Spring:
    :commit: 18d5c7b74489de8044e34767f856d1e574f0820e
    :git: https://github.com/MengTo/Spring.git

SPEC CHECKSUMS:
  EstimoteSDK: d57900b6b6f3a205cba0a17420e658eded62b105
  KDCycleBannerView: 6dbac2cda6b1a6f4e27b65d66249ecd966403b8b
  Pulsator: 9486579ab8eeb0585aedefdc2c688ab589497d9a
  SCLAlertView: d7c6a48c7d340e60206d4ed0e8ebcbff3b9d2a44
  SDWebImage: 35f9627a3e44b4f292a8a8ce6a531fa488239b91
  SnapKit: 4962eed2ee18e48cbd2b2292fffc57efe7235f87
  Spring: 3f02b5dc3308572ef177b3cad0fa7bbc4b0706f7

PODFILE CHECKSUM: 916ce56d1de6e865523a7212aa8ae7b40d2a338f

COCOAPODS: 1.0.1
